
Microsoft Visual Studio Solution File, Format Version 12.00
# Visual Studio Version 16
VisualStudioVersion = 16.0.34301.259
MinimumVisualStudioVersion = 10.0.40219.1
Project("{888888A0-9F3D-457C-B088-3A5042F75D52}") = "MoviEZ", "MoviEZ\MoviEZ.pyproj", "{8FAC3648-9865-4748-8C3B-CE0FBA480222}"
EndProject
Global
	GlobalSection(SolutionConfigurationPlatforms) = preSolution
		Debug|Any CPU = Debug|Any CPU
		Release|Any CPU = Release|Any CPU
	EndGlobalSection
	GlobalSection(ProjectConfigurationPlatforms) = postSolution
		{8FAC3648-9865-4748-8C3B-CE0FBA480222}.Debug|Any CPU.ActiveCfg = Debug|Any CPU
		{8FAC3648-9865-4748-8C3B-CE0FBA480222}.Release|Any CPU.ActiveCfg = Release|Any CPU
	EndGlobalSection
	GlobalSection(SolutionProperties) = preSolution
		HideSolutionNode = FALSE
	EndGlobalSection
	GlobalSection(ExtensibilityGlobals) = postSolution
		SolutionGuid = {6890341C-1B62-4D7B-9F78-BE04CB19B4E0}
	EndGlobalSection
EndGlobal
